<?xml version="1.0" encoding="utf-8"?>
<Project ToolsVersion="4.0" xmlns="http://schemas.microsoft.com/developer/msbuild/2003">
  <ItemGroup>
    <Filter Include="Arquivos de Origem">
      <UniqueIdentifier>{4FC737F1-C7A5-4376-A066-2A32D752A2FF}</UniqueIdentifier>
      <Extensions>cpp;c;cc;cxx;c++;cppm;ixx;def;odl;idl;hpj;bat;asm;asmx</Extensions>
    </Filter>
    <Filter Include="Arquivos de Cabeçalho">
      <UniqueIdentifier>{93995380-89BD-4b04-88EB-625FBE52EBFB}</UniqueIdentifier>
      <Extensions>h;hh;hpp;hxx;h++;hm;inl;inc;ipp;xsd</Extensions>
    </Filter>
    <Filter Include="Arquivos de Recurso">
      <UniqueIdentifier>{67DA6AB6-F800-4c08-8B7A-83BB121AAD01}</UniqueIdentifier>
      <Extensions>rc;ico;cur;bmp;dlg;rc2;rct;bin;rgs;gif;jpg;jpeg;jpe;resx;tiff;tif;png;wav;mfcribbon-ms</Extensions>
    </Filter>
    <Filter Include="Arquivos de Cabeçalho\Engine">
      <UniqueIdentifier>{92e2a4ce-b7a7-411b-8453-343f94c80ab2}</UniqueIdentifier>
    </Filter>
    <Filter Include="Arquivos de Origem\Engine">
      <UniqueIdentifier>{5ba5aeb4-cc62-4a3b-b2fc-1b6fef4f50fb}</UniqueIdentifier>
    </Filter>
    <Filter Include="Arquivos de Cabeçalho\main">
      <UniqueIdentifier>{0d9fcd5b-7845-45fd-ad36-8e871712fc4e}</UniqueIdentifier>
    </Filter>
    <Filter Include="Arquivos de Origem\main">
      <UniqueIdentifier>{ed7bef71-4374-40e3-923e-fccf496f3772}</UniqueIdentifier>
    </Filter>
  </ItemGroup>
  <ItemGroup>
    <ClCompile Include="data_types.h">
      <Filter>Arquivos de Cabeçalho\Engine</Filter>
    </ClCompile>
    <ClCompile Include="Collider.cpp">
      <Filter>Arquivos de Origem\Engine</Filter>
    </ClCompile>
    <ClCompile Include="Colliders.cpp">
      <Filter>Arquivos de Origem\Engine</Filter>
    </ClCompile>
    <ClCompile Include="Dot.cpp">
      <Filter>Arquivos de Origem\Engine</Filter>
    </ClCompile>
    <ClCompile Include="Dots.cpp">
      <Filter>Arquivos de Origem\Engine</Filter>
    </ClCompile>
    <ClCompile Include="Entity.cpp">
      <Filter>Arquivos de Origem\Engine</Filter>
    </ClCompile>
    <ClCompile Include="Fruit.cpp">
      <Filter>Arquivos de Origem\Engine</Filter>
    </ClCompile>
    <ClCompile Include="Game.cpp">
      <Filter>Arquivos de Origem\Engine</Filter>
    </ClCompile>
    <ClCompile Include="RenderRegion.cpp">
      <Filter>Arquivos de Origem\Engine</Filter>
    </ClCompile>
    <ClCompile Include="Sprite.cpp">
      <Filter>Arquivos de Origem\Engine</Filter>
    </ClCompile>
    <ClCompile Include="TrabalhoATC.cpp">
      <Filter>Arquivos de Origem\Engine</Filter>
    </ClCompile>
    <ClCompile Include="UI.cpp">
      <Filter>Arquivos de Origem\Engine</Filter>
    </ClCompile>
    <ClCompile Include="GameScreen.cpp">
      <Filter>Arquivos de Origem\main</Filter>
    </ClCompile>
  </ItemGroup>
  <ItemGroup>
    <ClInclude Include="Collider.h">
      <Filter>Arquivos de Cabeçalho\Engine</Filter>
    </ClInclude>
    <ClInclude Include="Colliders.h">
      <Filter>Arquivos de Cabeçalho\Engine</Filter>
    </ClInclude>
    <ClInclude Include="Dot.h">
      <Filter>Arquivos de Cabeçalho\Engine</Filter>
    </ClInclude>
    <ClInclude Include="Dots.h">
      <Filter>Arquivos de Cabeçalho\Engine</Filter>
    </ClInclude>
    <ClInclude Include="Entity.h">
      <Filter>Arquivos de Cabeçalho\Engine</Filter>
    </ClInclude>
    <ClInclude Include="Fruit.h">
      <Filter>Arquivos de Cabeçalho\Engine</Filter>
    </ClInclude>
    <ClInclude Include="Game.h">
      <Filter>Arquivos de Cabeçalho\Engine</Filter>
    </ClInclude>
    <ClInclude Include="RenderRegion.h">
      <Filter>Arquivos de Cabeçalho\Engine</Filter>
    </ClInclude>
    <ClInclude Include="Sprite.h">
      <Filter>Arquivos de Cabeçalho\Engine</Filter>
    </ClInclude>
    <ClInclude Include="UI.h">
      <Filter>Arquivos de Cabeçalho\Engine</Filter>
    </ClInclude>
  </ItemGroup>
  <ItemGroup>
    <Text Include="..\..\..\..\Downloads\PacMan-master\Map (2).txt" />
    <Text Include="Map.txt" />
  </ItemGroup>
</Project>